
Microsoft Visual Studio Solution File, Format Version 12.00
# Visual Studio Version 17
VisualStudioVersion = 17.9.34701.34
MinimumVisualStudioVersion = 10.0.40219.1
Project("{8BC9CEB8-8B4A-11D0-8D11-00A0C91BC942}") = "DEBUG07_01", "DEBUG07_01.vcxproj", "{8BF7DC81-3FF6-47BE-AB4E-3FE45AE791DF}"
EndProject
Global
	GlobalSection(SolutionConfigurationPlatforms) = preSolution
		Debug|x64 = Debug|x64
		Debug|x86 = Debug|x86
		Release|x64 = Release|x64
		Release|x86 = Release|x86
	EndGlobalSection
	GlobalSection(ProjectConfigurationPlatforms) = postSolution
		{8BF7DC81-3FF6-47BE-AB4E-3FE45AE791DF}.Debug|x64.ActiveCfg = Debug|x64
		{8BF7DC81-3FF6-47BE-AB4E-3FE45AE791DF}.Debug|x64.Build.0 = Debug|x64
		{8BF7DC81-3FF6-47BE-AB4E-3FE45AE791DF}.Debug|x86.ActiveCfg = Debug|Win32
		{8BF7DC81-3FF6-47BE-AB4E-3FE45AE791DF}.Debug|x86.Build.0 = Debug|Win32
		{8BF7DC81-3FF6-47BE-AB4E-3FE45AE791DF}.Release|x64.ActiveCfg = Release|x64
		{8BF7DC81-3FF6-47BE-AB4E-3FE45AE791DF}.Release|x64.Build.0 = Release|x64
		{8BF7DC81-3FF6-47BE-AB4E-3FE45AE791DF}.Release|x86.ActiveCfg = Release|Win32
		{8BF7DC81-3FF6-47BE-AB4E-3FE45AE791DF}.Release|x86.Build.0 = Release|Win32
	EndGlobalSection
	GlobalSection(SolutionProperties) = preSolution
		HideSolutionNode = FALSE
	EndGlobalSection
	GlobalSection(ExtensibilityGlobals) = postSolution
		SolutionGuid = {CF795662-5815-43CF-9206-8030E772921A}
	EndGlobalSection
EndGlobal
